
Microsoft Visual Studio Solution File, Format Version 12.00
# Visual Studio 2015
Project("{FAE04EC0-301F-11D3-BF4B-00C04F79EFBC}") = "TitanMiningCorp.CSharp", "TitanMiningCorp.CSharp.csproj", "{0DB351CF-C28B-E10C-4996-A501AAC59861}"
EndProject
Project("{FAE04EC0-301F-11D3-BF4B-00C04F79EFBC}") = "TitanMiningCorp.CSharp.Editor", "TitanMiningCorp.CSharp.Editor.csproj", "{ACA982A5-38AC-3572-07CD-B046AE44B917}"
EndProject
Global
	GlobalSection(SolutionConfigurationPlatforms) = preSolution
		Debug|Any CPU = Debug|Any CPU
		Release|Any CPU = Release|Any CPU
	EndGlobalSection
	GlobalSection(ProjectConfigurationPlatforms) = postSolution
		{0DB351CF-C28B-E10C-4996-A501AAC59861}.Debug|Any CPU.ActiveCfg = Debug|Any CPU
		{0DB351CF-C28B-E10C-4996-A501AAC59861}.Debug|Any CPU.Build.0 = Debug|Any CPU
		{0DB351CF-C28B-E10C-4996-A501AAC59861}.Release|Any CPU.ActiveCfg = Release|Any CPU
		{0DB351CF-C28B-E10C-4996-A501AAC59861}.Release|Any CPU.Build.0 = Release|Any CPU
		{ACA982A5-38AC-3572-07CD-B046AE44B917}.Debug|Any CPU.ActiveCfg = Debug|Any CPU
		{ACA982A5-38AC-3572-07CD-B046AE44B917}.Debug|Any CPU.Build.0 = Debug|Any CPU
		{ACA982A5-38AC-3572-07CD-B046AE44B917}.Release|Any CPU.ActiveCfg = Release|Any CPU
		{ACA982A5-38AC-3572-07CD-B046AE44B917}.Release|Any CPU.Build.0 = Release|Any CPU
	EndGlobalSection
	GlobalSection(SolutionProperties) = preSolution
		HideSolutionNode = FALSE
	EndGlobalSection
EndGlobal
